Microsoft Visual Studio Solution File, Format Version 12.00
# Visual Studio Version 17
VisualStudioVersion = 17.5.2.0
MinimumVisualStudioVersion = 10.0.40219.1
Project("{FAE04EC0-301F-11D3-BF4B-00C04F79EFBC}") = "formulario-lol", "formulario-lol.csproj", "{27B3BEDA-8C77-8286-336B-E474CEBBE0EE}"
EndProject
Global
	GlobalSection(SolutionConfigurationPlatforms) = preSolution
		Debug|Any CPU = Debug|Any CPU
		Release|Any CPU = Release|Any CPU
	EndGlobalSection
	GlobalSection(ProjectConfigurationPlatforms) = postSolution
		{27B3BEDA-8C77-8286-336B-E474CEBBE0EE}.Debug|Any CPU.ActiveCfg = Debug|Any CPU
		{27B3BEDA-8C77-8286-336B-E474CEBBE0EE}.Debug|Any CPU.Build.0 = Debug|Any CPU
		{27B3BEDA-8C77-8286-336B-E474CEBBE0EE}.Release|Any CPU.ActiveCfg = Release|Any CPU
		{27B3BEDA-8C77-8286-336B-E474CEBBE0EE}.Release|Any CPU.Build.0 = Release|Any CPU
	EndGlobalSection
	GlobalSection(SolutionProperties) = preSolution
		HideSolutionNode = FALSE
	EndGlobalSection
	GlobalSection(ExtensibilityGlobals) = postSolution
		SolutionGuid = {495A9926-017C-415D-950F-B3717021B95C}
	EndGlobalSection
EndGlobal
